
Microsoft Visual Studio Solution File, Format Version 12.00
# Visual Studio Version 16
VisualStudioVersion = 16.0.30011.22
MinimumVisualStudioVersion = 10.0.40219.1
Project("{FAE04EC0-301F-11D3-BF4B-00C04F79EFBC}") = "SampleMvcForAzure", "SampleMvcForAzure.csproj", "{87334FA1-45FB-4481-9814-24D0E1C73D77}"
EndProject
Global
	GlobalSection(SolutionConfigurationPlatforms) = preSolution
		Debug|Any CPU = Debug|Any CPU
		Release|Any CPU = Release|Any CPU
	EndGlobalSection
	GlobalSection(ProjectConfigurationPlatforms) = postSolution
		{87334FA1-45FB-4481-9814-24D0E1C73D77}.Debug|Any CPU.ActiveCfg = Debug|Any CPU
		{87334FA1-45FB-4481-9814-24D0E1C73D77}.Debug|Any CPU.Build.0 = Debug|Any CPU
		{87334FA1-45FB-4481-9814-24D0E1C73D77}.Release|Any CPU.ActiveCfg = Release|Any CPU
		{87334FA1-45FB-4481-9814-24D0E1C73D77}.Release|Any CPU.Build.0 = Release|Any CPU
	EndGlobalSection
	GlobalSection(SolutionProperties) = preSolution
		HideSolutionNode = FALSE
	EndGlobalSection
	GlobalSection(ExtensibilityGlobals) = postSolution
		SolutionGuid = {9FD63254-3D8B-4A18-B3BC-A36466CB0568}
	EndGlobalSection
EndGlobal
